
Microsoft Visual Studio Solution File, Format Version 12.00
# Visual Studio Version 16
VisualStudioVersion = 16.0.31005.135
MinimumVisualStudioVersion = 10.0.40219.1
Project("{FAE04EC0-301F-11D3-BF4B-00C04F79EFBC}") = "OfficeApp", "OfficeApp\OfficeApp.csproj", "{E239A0D7-34F0-4D37-A4DF-BCDF5EF51B10}"
EndProject
Global
	GlobalSection(SolutionConfigurationPlatforms) = preSolution
		Debug|Any CPU = Debug|Any CPU
		Release|Any CPU = Release|Any CPU
	EndGlobalSection
	GlobalSection(ProjectConfigurationPlatforms) = postSolution
		{E239A0D7-34F0-4D37-A4DF-BCDF5EF51B10}.Debug|Any CPU.ActiveCfg = Debug|Any CPU
		{E239A0D7-34F0-4D37-A4DF-BCDF5EF51B10}.Debug|Any CPU.Build.0 = Debug|Any CPU
		{E239A0D7-34F0-4D37-A4DF-BCDF5EF51B10}.Release|Any CPU.ActiveCfg = Release|Any CPU
		{E239A0D7-34F0-4D37-A4DF-BCDF5EF51B10}.Release|Any CPU.Build.0 = Release|Any CPU
	EndGlobalSection
	GlobalSection(SolutionProperties) = preSolution
		HideSolutionNode = FALSE
	EndGlobalSection
	GlobalSection(ExtensibilityGlobals) = postSolution
		SolutionGuid = {2F1E275F-D4DB-4364-ABEA-E8D142BCD93B}
	EndGlobalSection
EndGlobal
